
Microsoft Visual Studio Solution File, Format Version 12.00
# Visual Studio 2013
VisualStudioVersion = 12.0.21005.1
MinimumVisualStudioVersion = 10.0.40219.1
Project("{FAE04EC0-301F-11D3-BF4B-00C04F79EFBC}") = "Skladtrade", "Skladtrade\Skladtrade.csproj", "{BDAA5A4B-D63C-45DA-8BF5-06E745D26733}"
EndProject
Project("{FAE04EC0-301F-11D3-BF4B-00C04F79EFBC}") = "SkladtradeEntity", "SkladtradeEntity\SkladtradeEntity.csproj", "{63A42691-A3FA-41B0-9D52-883C7BAE87EE}"
EndProject
Project("{FAE04EC0-301F-11D3-BF4B-00C04F79EFBC}") = "SkladtradeConsole", "SkladtradeConsole\SkladtradeConsole.csproj", "{73AA57A7-62AC-4064-8256-1EF9FDA47D7D}"
EndProject
Global
	GlobalSection(SolutionConfigurationPlatforms) = preSolution
		Debug|Any CPU = Debug|Any CPU
		Release|Any CPU = Release|Any CPU
	EndGlobalSection
	GlobalSection(ProjectConfigurationPlatforms) = postSolution
		{BDAA5A4B-D63C-45DA-8BF5-06E745D26733}.Debug|Any CPU.ActiveCfg = Debug|Any CPU
		{BDAA5A4B-D63C-45DA-8BF5-06E745D26733}.Debug|Any CPU.Build.0 = Debug|Any CPU
		{BDAA5A4B-D63C-45DA-8BF5-06E745D26733}.Release|Any CPU.ActiveCfg = Release|Any CPU
		{BDAA5A4B-D63C-45DA-8BF5-06E745D26733}.Release|Any CPU.Build.0 = Release|Any CPU
		{63A42691-A3FA-41B0-9D52-883C7BAE87EE}.Debug|Any CPU.ActiveCfg = Debug|Any CPU
		{63A42691-A3FA-41B0-9D52-883C7BAE87EE}.Debug|Any CPU.Build.0 = Debug|Any CPU
		{63A42691-A3FA-41B0-9D52-883C7BAE87EE}.Release|Any CPU.ActiveCfg = Release|Any CPU
		{63A42691-A3FA-41B0-9D52-883C7BAE87EE}.Release|Any CPU.Build.0 = Release|Any CPU
		{73AA57A7-62AC-4064-8256-1EF9FDA47D7D}.Debug|Any CPU.ActiveCfg = Debug|Any CPU
		{73AA57A7-62AC-4064-8256-1EF9FDA47D7D}.Debug|Any CPU.Build.0 = Debug|Any CPU
		{73AA57A7-62AC-4064-8256-1EF9FDA47D7D}.Release|Any CPU.ActiveCfg = Release|Any CPU
		{73AA57A7-62AC-4064-8256-1EF9FDA47D7D}.Release|Any CPU.Build.0 = Release|Any CPU
	EndGlobalSection
	GlobalSection(SolutionProperties) = preSolution
		HideSolutionNode = FALSE
	EndGlobalSection
EndGlobal
